
Microsoft Visual Studio Solution File, Format Version 12.00
# Visual Studio Version 16
VisualStudioVersion = 16.0.30621.155
MinimumVisualStudioVersion = 10.0.40219.1
Project("{FAE04EC0-301F-11D3-BF4B-00C04F79EFBC}") = "ConsoleApp2", "ConsoleApp2.csproj", "{D96D46AE-4B1D-4D13-8E89-B7236690BDFA}"
EndProject
Global
	GlobalSection(SolutionConfigurationPlatforms) = preSolution
		Debug|Any CPU = Debug|Any CPU
		Release|Any CPU = Release|Any CPU
	EndGlobalSection
	GlobalSection(ProjectConfigurationPlatforms) = postSolution
		{D96D46AE-4B1D-4D13-8E89-B7236690BDFA}.Debug|Any CPU.ActiveCfg = Debug|Any CPU
		{D96D46AE-4B1D-4D13-8E89-B7236690BDFA}.Debug|Any CPU.Build.0 = Debug|Any CPU
		{D96D46AE-4B1D-4D13-8E89-B7236690BDFA}.Release|Any CPU.ActiveCfg = Release|Any CPU
		{D96D46AE-4B1D-4D13-8E89-B7236690BDFA}.Release|Any CPU.Build.0 = Release|Any CPU
	EndGlobalSection
	GlobalSection(SolutionProperties) = preSolution
		HideSolutionNode = FALSE
	EndGlobalSection
	GlobalSection(ExtensibilityGlobals) = postSolution
		SolutionGuid = {D454ADFC-F1BE-41C1-9FC7-D44454531CB6}
	EndGlobalSection
EndGlobal
