
Microsoft Visual Studio Solution File, Format Version 12.00
# Visual Studio Version 16
VisualStudioVersion = 16.0.30621.155
MinimumVisualStudioVersion = 10.0.40219.1
Project("{FAE04EC0-301F-11D3-BF4B-00C04F79EFBC}") = "ConsoleApp132", "ConsoleApp132\ConsoleApp132.csproj", "{790979EE-021F-4BB6-8EEC-333F0510ED66}"
EndProject
Global
	GlobalSection(SolutionConfigurationPlatforms) = preSolution
		Debug|Any CPU = Debug|Any CPU
		Release|Any CPU = Release|Any CPU
	EndGlobalSection
	GlobalSection(ProjectConfigurationPlatforms) = postSolution
		{790979EE-021F-4BB6-8EEC-333F0510ED66}.Debug|Any CPU.ActiveCfg = Debug|Any CPU
		{790979EE-021F-4BB6-8EEC-333F0510ED66}.Debug|Any CPU.Build.0 = Debug|Any CPU
		{790979EE-021F-4BB6-8EEC-333F0510ED66}.Release|Any CPU.ActiveCfg = Release|Any CPU
		{790979EE-021F-4BB6-8EEC-333F0510ED66}.Release|Any CPU.Build.0 = Release|Any CPU
	EndGlobalSection
	GlobalSection(SolutionProperties) = preSolution
		HideSolutionNode = FALSE
	EndGlobalSection
	GlobalSection(ExtensibilityGlobals) = postSolution
		SolutionGuid = {9C0141BE-662C-4357-9F69-5BC11FDCA224}
	EndGlobalSection
EndGlobal
