
Microsoft Visual Studio Solution File, Format Version 12.00
# Visual Studio Version 16
VisualStudioVersion = 16.0.30621.155
MinimumVisualStudioVersion = 10.0.40219.1
Project("{FAE04EC0-301F-11D3-BF4B-00C04F79EFBC}") = "W_935590", "W_935590.csproj", "{D9D89B03-260C-46B0-9D7B-1DB18AFA4EBF}"
EndProject
Global
	GlobalSection(SolutionConfigurationPlatforms) = preSolution
		Debug|Any CPU = Debug|Any CPU
		Release|Any CPU = Release|Any CPU
	EndGlobalSection
	GlobalSection(ProjectConfigurationPlatforms) = postSolution
		{D9D89B03-260C-46B0-9D7B-1DB18AFA4EBF}.Debug|Any CPU.ActiveCfg = Debug|Any CPU
		{D9D89B03-260C-46B0-9D7B-1DB18AFA4EBF}.Debug|Any CPU.Build.0 = Debug|Any CPU
		{D9D89B03-260C-46B0-9D7B-1DB18AFA4EBF}.Release|Any CPU.ActiveCfg = Release|Any CPU
		{D9D89B03-260C-46B0-9D7B-1DB18AFA4EBF}.Release|Any CPU.Build.0 = Release|Any CPU
	EndGlobalSection
	GlobalSection(SolutionProperties) = preSolution
		HideSolutionNode = FALSE
	EndGlobalSection
	GlobalSection(ExtensibilityGlobals) = postSolution
		SolutionGuid = {1138E4AD-D3D1-4454-BF80-E072353F913A}
	EndGlobalSection
EndGlobal
