
Microsoft Visual Studio Solution File, Format Version 12.00
# Visual Studio Version 16
VisualStudioVersion = 16.0.30225.117
MinimumVisualStudioVersion = 10.0.40219.1
Project("{FAE04EC0-301F-11D3-BF4B-00C04F79EFBC}") = "TIME_PRO", "TIME_PRO\TIME_PRO.csproj", "{2D3A2AD2-1109-41F0-9674-1EE4E0BAA37F}"
EndProject
Global
	GlobalSection(SolutionConfigurationPlatforms) = preSolution
		Debug|Any CPU = Debug|Any CPU
		Release|Any CPU = Release|Any CPU
	EndGlobalSection
	GlobalSection(ProjectConfigurationPlatforms) = postSolution
		{2D3A2AD2-1109-41F0-9674-1EE4E0BAA37F}.Debug|Any CPU.ActiveCfg = Debug|Any CPU
		{2D3A2AD2-1109-41F0-9674-1EE4E0BAA37F}.Debug|Any CPU.Build.0 = Debug|Any CPU
		{2D3A2AD2-1109-41F0-9674-1EE4E0BAA37F}.Release|Any CPU.ActiveCfg = Release|Any CPU
		{2D3A2AD2-1109-41F0-9674-1EE4E0BAA37F}.Release|Any CPU.Build.0 = Release|Any CPU
	EndGlobalSection
	GlobalSection(SolutionProperties) = preSolution
		HideSolutionNode = FALSE
	EndGlobalSection
	GlobalSection(ExtensibilityGlobals) = postSolution
		SolutionGuid = {2818BABC-353B-4BCD-8D58-828269DE8EB2}
	EndGlobalSection
EndGlobal
